
Microsoft Visual Studio Solution File, Format Version 12.00
# Visual Studio Version 17
VisualStudioVersion = 17.2.32602.215
MinimumVisualStudioVersion = 10.0.40219.1
Project("{FAE04EC0-301F-11D3-BF4B-00C04F79EFBC}") = "WpfControlLibrary_CSHarp", "WpfControlLibrary_CSHarp\WpfControlLibrary_CSHarp.csproj", "{A19C8E20-B7FF-4360-9F35-55718C4C0810}"
EndProject
Global
	GlobalSection(SolutionConfigurationPlatforms) = preSolution
		Debug|Any CPU = Debug|Any CPU
		Release|Any CPU = Release|Any CPU
	EndGlobalSection
	GlobalSection(ProjectConfigurationPlatforms) = postSolution
		{A19C8E20-B7FF-4360-9F35-55718C4C0810}.Debug|Any CPU.ActiveCfg = Debug|Any CPU
		{A19C8E20-B7FF-4360-9F35-55718C4C0810}.Debug|Any CPU.Build.0 = Debug|Any CPU
		{A19C8E20-B7FF-4360-9F35-55718C4C0810}.Release|Any CPU.ActiveCfg = Release|Any CPU
		{A19C8E20-B7FF-4360-9F35-55718C4C0810}.Release|Any CPU.Build.0 = Release|Any CPU
	EndGlobalSection
	GlobalSection(SolutionProperties) = preSolution
		HideSolutionNode = FALSE
	EndGlobalSection
	GlobalSection(ExtensibilityGlobals) = postSolution
		SolutionGuid = {5ADDBF32-6B82-46A7-ABF3-7E4C8B392C13}
	EndGlobalSection
EndGlobal
